
Microsoft Visual Studio Solution File, Format Version 12.00
# Visual Studio 15
VisualStudioVersion = 15.0.28307.572
MinimumVisualStudioVersion = 10.0.40219.1
Project("{FAE04EC0-301F-11D3-BF4B-00C04F79EFBC}") = "WpfDownloadPlay", "WpfDownloadPlay\WpfDownloadPlay.csproj", "{EDDB830C-E9FB-46B4-86F8-C0791E65C37B}"
EndProject
Project("{FAE04EC0-301F-11D3-BF4B-00C04F79EFBC}") = "Control.Utility", "Control.Utility\Control.Utility.csproj", "{8DE3E53D-CB50-43EB-A3A1-F7887BF9179D}"
EndProject
Global
	GlobalSection(SolutionConfigurationPlatforms) = preSolution
		Debug|Any CPU = Debug|Any CPU
		Release|Any CPU = Release|Any CPU
	EndGlobalSection
	GlobalSection(ProjectConfigurationPlatforms) = postSolution
		{EDDB830C-E9FB-46B4-86F8-C0791E65C37B}.Debug|Any CPU.ActiveCfg = Debug|Any CPU
		{EDDB830C-E9FB-46B4-86F8-C0791E65C37B}.Debug|Any CPU.Build.0 = Debug|Any CPU
		{EDDB830C-E9FB-46B4-86F8-C0791E65C37B}.Release|Any CPU.ActiveCfg = Release|Any CPU
		{EDDB830C-E9FB-46B4-86F8-C0791E65C37B}.Release|Any CPU.Build.0 = Release|Any CPU
		{8DE3E53D-CB50-43EB-A3A1-F7887BF9179D}.Debug|Any CPU.ActiveCfg = Debug|Any CPU
		{8DE3E53D-CB50-43EB-A3A1-F7887BF9179D}.Debug|Any CPU.Build.0 = Debug|Any CPU
		{8DE3E53D-CB50-43EB-A3A1-F7887BF9179D}.Release|Any CPU.ActiveCfg = Release|Any CPU
		{8DE3E53D-CB50-43EB-A3A1-F7887BF9179D}.Release|Any CPU.Build.0 = Release|Any CPU
	EndGlobalSection
	GlobalSection(SolutionProperties) = preSolution
		HideSolutionNode = FALSE
	EndGlobalSection
	GlobalSection(ExtensibilityGlobals) = postSolution
		SolutionGuid = {1402E15D-739A-4DD8-AF19-A1460F140EF5}
	EndGlobalSection
EndGlobal
